
Microsoft Visual Studio Solution File, Format Version 12.00
# Visual Studio Version 17
VisualStudioVersion = 17.0.31903.59
MinimumVisualStudioVersion = 10.0.40219.1
Project("{2150E333-8FDC-42A3-9474-1A3956D46DE8}") = "src", "src", "{827E0CD3-B72D-47B6-A68D-7590B98EB39B}"
EndProject
Project("{FAE04EC0-301F-11D3-BF4B-00C04F79EFBC}") = "ResidentialExpenseControl.Domain", "src\ResidentialExpenseControl.Domain\ResidentialExpenseControl.Domain.csproj", "{652223C1-6F03-4266-A15F-4B56E906CA9B}"
EndProject
Project("{FAE04EC0-301F-11D3-BF4B-00C04F79EFBC}") = "ResidentialExpenseControl.Application", "src\ResidentialExpenseControl.Application\ResidentialExpenseControl.Application.csproj", "{831A546B-DC6E-4E1B-9AC0-3AEC0CA30C45}"
EndProject
Project("{FAE04EC0-301F-11D3-BF4B-00C04F79EFBC}") = "ResidentialExpenseControl.Infrastructure", "src\ResidentialExpenseControl.Infrastructure\ResidentialExpenseControl.Infrastructure.csproj", "{26BFF0FF-3CF8-4F83-B6F5-A92EAA0F6C4C}"
EndProject
Project("{FAE04EC0-301F-11D3-BF4B-00C04F79EFBC}") = "ResidentialExpenseControl.API", "src\ResidentialExpenseControl.API\ResidentialExpenseControl.API.csproj", "{93BFE0B8-FD85-4955-A1B6-50C5A56F0FA4}"
EndProject
Global
	GlobalSection(SolutionConfigurationPlatforms) = preSolution
		Debug|Any CPU = Debug|Any CPU
		Debug|x64 = Debug|x64
		Debug|x86 = Debug|x86
		Release|Any CPU = Release|Any CPU
		Release|x64 = Release|x64
		Release|x86 = Release|x86
	EndGlobalSection
	GlobalSection(ProjectConfigurationPlatforms) = postSolution
		{652223C1-6F03-4266-A15F-4B56E906CA9B}.Debug|Any CPU.ActiveCfg = Debug|Any CPU
		{652223C1-6F03-4266-A15F-4B56E906CA9B}.Debug|Any CPU.Build.0 = Debug|Any CPU
		{652223C1-6F03-4266-A15F-4B56E906CA9B}.Debug|x64.ActiveCfg = Debug|Any CPU
		{652223C1-6F03-4266-A15F-4B56E906CA9B}.Debug|x64.Build.0 = Debug|Any CPU
		{652223C1-6F03-4266-A15F-4B56E906CA9B}.Debug|x86.ActiveCfg = Debug|Any CPU
		{652223C1-6F03-4266-A15F-4B56E906CA9B}.Debug|x86.Build.0 = Debug|Any CPU
		{652223C1-6F03-4266-A15F-4B56E906CA9B}.Release|Any CPU.ActiveCfg = Release|Any CPU
		{652223C1-6F03-4266-A15F-4B56E906CA9B}.Release|Any CPU.Build.0 = Release|Any CPU
		{652223C1-6F03-4266-A15F-4B56E906CA9B}.Release|x64.ActiveCfg = Release|Any CPU
		{652223C1-6F03-4266-A15F-4B56E906CA9B}.Release|x64.Build.0 = Release|Any CPU
		{652223C1-6F03-4266-A15F-4B56E906CA9B}.Release|x86.ActiveCfg = Release|Any CPU
		{652223C1-6F03-4266-A15F-4B56E906CA9B}.Release|x86.Build.0 = Release|Any CPU
		{831A546B-DC6E-4E1B-9AC0-3AEC0CA30C45}.Debug|Any CPU.ActiveCfg = Debug|Any CPU
		{831A546B-DC6E-4E1B-9AC0-3AEC0CA30C45}.Debug|Any CPU.Build.0 = Debug|Any CPU
		{831A546B-DC6E-4E1B-9AC0-3AEC0CA30C45}.Debug|x64.ActiveCfg = Debug|Any CPU
		{831A546B-DC6E-4E1B-9AC0-3AEC0CA30C45}.Debug|x64.Build.0 = Debug|Any CPU
		{831A546B-DC6E-4E1B-9AC0-3AEC0CA30C45}.Debug|x86.ActiveCfg = Debug|Any CPU
		{831A546B-DC6E-4E1B-9AC0-3AEC0CA30C45}.Debug|x86.Build.0 = Debug|Any CPU
		{831A546B-DC6E-4E1B-9AC0-3AEC0CA30C45}.Release|Any CPU.ActiveCfg = Release|Any CPU
		{831A546B-DC6E-4E1B-9AC0-3AEC0CA30C45}.Release|Any CPU.Build.0 = Release|Any CPU
		{831A546B-DC6E-4E1B-9AC0-3AEC0CA30C45}.Release|x64.ActiveCfg = Release|Any CPU
		{831A546B-DC6E-4E1B-9AC0-3AEC0CA30C45}.Release|x64.Build.0 = Release|Any CPU
		{831A546B-DC6E-4E1B-9AC0-3AEC0CA30C45}.Release|x86.ActiveCfg = Release|Any CPU
		{831A546B-DC6E-4E1B-9AC0-3AEC0CA30C45}.Release|x86.Build.0 = Release|Any CPU
		{26BFF0FF-3CF8-4F83-B6F5-A92EAA0F6C4C}.Debug|Any CPU.ActiveCfg = Debug|Any CPU
		{26BFF0FF-3CF8-4F83-B6F5-A92EAA0F6C4C}.Debug|Any CPU.Build.0 = Debug|Any CPU
		{26BFF0FF-3CF8-4F83-B6F5-A92EAA0F6C4C}.Debug|x64.ActiveCfg = Debug|Any CPU
		{26BFF0FF-3CF8-4F83-B6F5-A92EAA0F6C4C}.Debug|x64.Build.0 = Debug|Any CPU
		{26BFF0FF-3CF8-4F83-B6F5-A92EAA0F6C4C}.Debug|x86.ActiveCfg = Debug|Any CPU
		{26BFF0FF-3CF8-4F83-B6F5-A92EAA0F6C4C}.Debug|x86.Build.0 = Debug|Any CPU
		{26BFF0FF-3CF8-4F83-B6F5-A92EAA0F6C4C}.Release|Any CPU.ActiveCfg = Release|Any CPU
		{26BFF0FF-3CF8-4F83-B6F5-A92EAA0F6C4C}.Release|Any CPU.Build.0 = Release|Any CPU
		{26BFF0FF-3CF8-4F83-B6F5-A92EAA0F6C4C}.Release|x64.ActiveCfg = Release|Any CPU
		{26BFF0FF-3CF8-4F83-B6F5-A92EAA0F6C4C}.Release|x64.Build.0 = Release|Any CPU
		{26BFF0FF-3CF8-4F83-B6F5-A92EAA0F6C4C}.Release|x86.ActiveCfg = Release|Any CPU
		{26BFF0FF-3CF8-4F83-B6F5-A92EAA0F6C4C}.Release|x86.Build.0 = Release|Any CPU
		{93BFE0B8-FD85-4955-A1B6-50C5A56F0FA4}.Debug|Any CPU.ActiveCfg = Debug|Any CPU
		{93BFE0B8-FD85-4955-A1B6-50C5A56F0FA4}.Debug|Any CPU.Build.0 = Debug|Any CPU
		{93BFE0B8-FD85-4955-A1B6-50C5A56F0FA4}.Debug|x64.ActiveCfg = Debug|Any CPU
		{93BFE0B8-FD85-4955-A1B6-50C5A56F0FA4}.Debug|x64.Build.0 = Debug|Any CPU
		{93BFE0B8-FD85-4955-A1B6-50C5A56F0FA4}.Debug|x86.ActiveCfg = Debug|Any CPU
		{93BFE0B8-FD85-4955-A1B6-50C5A56F0FA4}.Debug|x86.Build.0 = Debug|Any CPU
		{93BFE0B8-FD85-4955-A1B6-50C5A56F0FA4}.Release|Any CPU.ActiveCfg = Release|Any CPU
		{93BFE0B8-FD85-4955-A1B6-50C5A56F0FA4}.Release|Any CPU.Build.0 = Release|Any CPU
		{93BFE0B8-FD85-4955-A1B6-50C5A56F0FA4}.Release|x64.ActiveCfg = Release|Any CPU
		{93BFE0B8-FD85-4955-A1B6-50C5A56F0FA4}.Release|x64.Build.0 = Release|Any CPU
		{93BFE0B8-FD85-4955-A1B6-50C5A56F0FA4}.Release|x86.ActiveCfg = Release|Any CPU
		{93BFE0B8-FD85-4955-A1B6-50C5A56F0FA4}.Release|x86.Build.0 = Release|Any CPU
	EndGlobalSection
	GlobalSection(SolutionProperties) = preSolution
		HideSolutionNode = FALSE
	EndGlobalSection
	GlobalSection(NestedProjects) = preSolution
		{652223C1-6F03-4266-A15F-4B56E906CA9B} = {827E0CD3-B72D-47B6-A68D-7590B98EB39B}
		{831A546B-DC6E-4E1B-9AC0-3AEC0CA30C45} = {827E0CD3-B72D-47B6-A68D-7590B98EB39B}
		{26BFF0FF-3CF8-4F83-B6F5-A92EAA0F6C4C} = {827E0CD3-B72D-47B6-A68D-7590B98EB39B}
		{93BFE0B8-FD85-4955-A1B6-50C5A56F0FA4} = {827E0CD3-B72D-47B6-A68D-7590B98EB39B}
	EndGlobalSection
EndGlobal
